{
  "pins" : [
    {
      "identity" : "screenportsdk",
      "kind" : "remoteSourceControl",
      "location" : "https://github.com/in2core/screenportsdk.git",
      "state" : {
        "revision" : "7743db10e5134fc833f6226e5f747847ca8a1ecc",
        "version" : "1.0.0"
      }
    }
  ],
  "version" : 2
}
