{
  "pins" : [
    {
      "identity" : "screenportsdk",
      "kind" : "remoteSourceControl",
      "location" : "https://github.com/in2core/screenportsdk.git",
      "state" : {
        "revision" : "3f0aeff1ef3aaf1410d28602589ea741254edb69",
        "version" : "0.2.0-alpha.2"
      }
    }
  ],
  "version" : 2
}
